
Microsoft Visual Studio Solution File, Format Version 12.00
# Visual Studio 15
VisualStudioVersion = 15.0.27703.2035
MinimumVisualStudioVersion = 10.0.40219.1
Project("{FAE04EC0-301F-11D3-BF4B-00C04F79EFBC}") = "GithubTest1", "GithubTest1\GithubTest1.csproj", "{EAE7901A-1C3D-425D-B934-3BEC4CF92276}"
EndProject
Global
	GlobalSection(SolutionConfigurationPlatforms) = preSolution
		Debug|Any CPU = Debug|Any CPU
		Release|Any CPU = Release|Any CPU
	EndGlobalSection
	GlobalSection(ProjectConfigurationPlatforms) = postSolution
		{EAE7901A-1C3D-425D-B934-3BEC4CF92276}.Debug|Any CPU.ActiveCfg = Debug|Any CPU
		{EAE7901A-1C3D-425D-B934-3BEC4CF92276}.Debug|Any CPU.Build.0 = Debug|Any CPU
		{EAE7901A-1C3D-425D-B934-3BEC4CF92276}.Release|Any CPU.ActiveCfg = Release|Any CPU
		{EAE7901A-1C3D-425D-B934-3BEC4CF92276}.Release|Any CPU.Build.0 = Release|Any CPU
	EndGlobalSection
	GlobalSection(SolutionProperties) = preSolution
		HideSolutionNode = FALSE
	EndGlobalSection
	GlobalSection(ExtensibilityGlobals) = postSolution
		SolutionGuid = {5C847956-266B-4BF8-9F6E-842E8C5F3F63}
	EndGlobalSection
EndGlobal
